// !$*UTF8*$!
{
	archiveVersion = 1;
	classes = {
	};
	objectVersion = 56;
	objects = {

/* Begin PBXBuildFile section */
		B21254272C4EFFE7000C94EE /* LyricsApp.swift in Sources */ = {isa = PBXBuildFile; fileRef = B21254262C4EFFE7000C94EE /* LyricsApp.swift */; };
		B21254292C4EFFE7000C94EE /* ContentView.swift in Sources */ = {isa = PBXBuildFile; fileRef = B21254282C4EFFE7000C94EE /* ContentView.swift */; };
		B212542B2C4EFFE9000C94EE /* Assets.xcassets in Resources */ = {isa = PBXBuildFile; fileRef = B212542A2C4EFFE9000C94EE /* Assets.xcassets */; };
		B212542E2C4EFFE9000C94EE /* Preview Assets.xcassets in Resources */ = {isa = PBXBuildFile; fileRef = B212542D2C4EFFE9000C94EE /* Preview Assets.xcassets */; };
		B21254382C4EFFE9000C94EE /* LyricsTests.swift in Sources */ = {isa = PBXBuildFile; fileRef = B21254372C4EFFE9000C94EE /* LyricsTests.swift */; };
		B21254422C4EFFE9000C94EE /* LyricsUITests.swift in Sources */ = {isa = PBXBuildFile; fileRef = B21254412C4EFFE9000C94EE /* LyricsUITests.swift */; };
		B21254442C4EFFE9000C94EE /* LyricsUITestsLaunchTests.swift in Sources */ = {isa = PBXBuildFile; fileRef = B21254432C4EFFE9000C94EE /* LyricsUITestsLaunchTests.swift */; };
/* End PBXBuildFile section */

/* Begin PBXContainerItemProxy section */
		B21254342C4EFFE9000C94EE /* PBXContainerItemProxy */ = {
			isa = PBXContainerItemProxy;
			containerPortal = B212541B2C4EFFE7000C94EE /* Project object */;
			proxyType = 1;
			remoteGlobalIDString = B21254222C4EFFE7000C94EE;
			remoteInfo = Lyrics;
		};
		B212543E2C4EFFE9000C94EE /* PBXContainerItemProxy */ = {
			isa = PBXContainerItemProxy;
			containerPortal = B212541B2C4EFFE7000C94EE /* Project object */;
			proxyType = 1;
			remoteGlobalIDString = B21254222C4EFFE7000C94EE;
			remoteInfo = Lyrics;
		};
/* End PBXContainerItemProxy section */

/* Begin PBXFileReference section */
		B21254232C4EFFE7000C94EE /* Lyrics.app */ = {isa = PBXFileReference; explicitFileType = wrapper.application; includeInIndex = 0; path = Lyrics.app; sourceTree = BUILT_PRODUCTS_DIR; };
		B21254262C4EFFE7000C94EE /* LyricsApp.swift */ = {isa = PBXFileReference; lastKnownFileType = sourcecode.swift; path = LyricsApp.swift; sourceTree = "<group>"; };
		B21254282C4EFFE7000C94EE /* ContentView.swift */ = {isa = PBXFileReference; lastKnownFileType = sourcecode.swift; path = ContentView.swift; sourceTree = "<group>"; };
		B212542A2C4EFFE9000C94EE /* Assets.xcassets */ = {isa = PBXFileReference; lastKnownFileType = folder.assetcatalog; path = Assets.xcassets; sourceTree = "<group>"; };
		B212542D2C4EFFE9000C94EE /* Preview Assets.xcassets */ = {isa = PBXFileReference; lastKnownFileType = folder.assetcatalog; path = "Preview Assets.xcassets"; sourceTree = "<group>"; };
		B21254332C4EFFE9000C94EE /* LyricsTests.xctest */ = {isa = PBXFileReference; explicitFileType = wrapper.cfbundle; includeInIndex = 0; path = LyricsTests.xctest; sourceTree = BUILT_PRODUCTS_DIR; };
		B21254372C4EFFE9000C94EE /* LyricsTests.swift */ = {isa = PBXFileReference; lastKnownFileType = sourcecode.swift; path = LyricsTests.swift; sourceTree = "<group>"; };
		B212543D2C4EFFE9000C94EE /* LyricsUITests.xctest */ = {isa = PBXFileReference; explicitFileType = wrapper.cfbundle; includeInIndex = 0; path = LyricsUITests.xctest; sourceTree = BUILT_PRODUCTS_DIR; };
		B21254412C4EFFE9000C94EE /* LyricsUITests.swift */ = {isa = PBXFileReference; lastKnownFileType = sourcecode.swift; path = LyricsUITests.swift; sourceTree = "<group>"; };
		B21254432C4EFFE9000C94EE /* LyricsUITestsLaunchTests.swift */ = {isa = PBXFileReference; lastKnownFileType = sourcecode.swift; path = LyricsUITestsLaunchTests.swift; sourceTree = "<group>"; };
/* End PBXFileReference section */

/* Begin PBXFrameworksBuildPhase section */
		B21254202C4EFFE7000C94EE /* Frameworks */ = {
			isa = PBXFrameworksBuildPhase;
			buildActionMask = 2147483647;
			files = (
			);
			runOnlyForDeploymentPostprocessing = 0;
		};
		B21254302C4EFFE9000C94EE /* Frameworks */ = {
			isa = PBXFrameworksBuildPhase;
			buildActionMask = 2147483647;
			files = (
			);
			runOnlyForDeploymentPostprocessing = 0;
		};
		B212543A2C4EFFE9000C94EE /* Frameworks */ = {
			isa = PBXFrameworksBuildPhase;
			buildActionMask = 2147483647;
			files = (
			);
			runOnlyForDeploymentPostprocessing = 0;
		};
/* End PBXFrameworksBuildPhase section */

/* Begin PBXGroup section */
		B212541A2C4EFFE7000C94EE = {
			isa = PBXGroup;
			children = (
				B21254252C4EFFE7000C94EE /* Lyrics */,
				B21254362C4EFFE9000C94EE /* LyricsTests */,
				B21254402C4EFFE9000C94EE /* LyricsUITests */,
				B21254242C4EFFE7000C94EE /* Products */,
			);
			sourceTree = "<group>";
		};
		B21254242C4EFFE7000C94EE /* Products */ = {
			isa = PBXGroup;
			children = (
				B21254232C4EFFE7000C94EE /* Lyrics.app */,
				B21254332C4EFFE9000C94EE /* LyricsTests.xctest */,
				B212543D2C4EFFE9000C94EE /* LyricsUITests.xctest */,
			);
			name = Products;
			sourceTree = "<group>";
		};
		B21254252C4EFFE7000C94EE /* Lyrics */ = {
			isa = PBXGroup;
			children = (
				B21254262C4EFFE7000C94EE /* LyricsApp.swift */,
				B21254282C4EFFE7000C94EE /* ContentView.swift */,
				B212542A2C4EFFE9000C94EE /* Assets.xcassets */,
				B212542C2C4EFFE9000C94EE /* Preview Content */,
			);
			path = Lyrics;
			sourceTree = "<group>";
		};
		B212542C2C4EFFE9000C94EE /* Preview Content */ = {
			isa = PBXGroup;
			children = (
				B212542D2C4EFFE9000C94EE /* Preview Assets.xcassets */,
			);
			path = "Preview Content";
			sourceTree = "<group>";
		};
		B21254362C4EFFE9000C94EE /* LyricsTests */ = {
			isa = PBXGroup;
			children = (
				B21254372C4EFFE9000C94EE /* LyricsTests.swift */,
			);
			path = LyricsTests;
			sourceTree = "<group>";
		};
		B21254402C4EFFE9000C94EE /* LyricsUITests */ = {
			isa = PBXGroup;
			children = (
				B21254412C4EFFE9000C94EE /* LyricsUITests.swift */,
				B21254432C4EFFE9000C94EE /* LyricsUITestsLaunchTests.swift */,
			);
			path = LyricsUITests;
			sourceTree = "<group>";
		};
/* End PBXGroup section */

/* Begin PBXNativeTarget section */
		B21254222C4EFFE7000C94EE /* Lyrics */ = {
			isa = PBXNativeTarget;
			buildConfigurationList = B21254472C4EFFE9000C94EE /* Build configuration list for PBXNativeTarget "Lyrics" */;
			buildPhases = (
				B212541F2C4EFFE7000C94EE /* Sources */,
				B21254202C4EFFE7000C94EE /* Frameworks */,
				B21254212C4EFFE7000C94EE /* Resources */,
			);
			buildRules = (
			);
			dependencies = (
			);
			name = Lyrics;
			productName = Lyrics;
			productReference = B21254232C4EFFE7000C94EE /* Lyrics.app */;
			productType = "com.apple.product-type.application";
		};
		B21254322C4EFFE9000C94EE /* LyricsTests */ = {
			isa = PBXNativeTarget;
			buildConfigurationList = B212544A2C4EFFE9000C94EE /* Build configuration list for PBXNativeTarget "LyricsTests" */;
			buildPhases = (
				B212542F2C4EFFE9000C94EE /* Sources */,
				B21254302C4EFFE9000C94EE /* Frameworks */,
				B21254312C4EFFE9000C94EE /* Resources */,
			);
			buildRules = (
			);
			dependencies = (
				B21254352C4EFFE9000C94EE /* PBXTargetDependency */,
			);
			name = LyricsTests;
			productName = LyricsTests;
			productReference = B21254332C4EFFE9000C94EE /* LyricsTests.xctest */;
			productType = "com.apple.product-type.bundle.unit-test";
		};
		B212543C2C4EFFE9000C94EE /* LyricsUITests */ = {
			isa = PBXNativeTarget;
			buildConfigurationList = B212544D2C4EFFE9000C94EE /* Build configuration list for PBXNativeTarget "LyricsUITests" */;
			buildPhases = (
				B21254392C4EFFE9000C94EE /* Sources */,
				B212543A2C4EFFE9000C94EE /* Frameworks */,
				B212543B2C4EFFE9000C94EE /* Resources */,
			);
			buildRules = (
			);
			dependencies = (
				B212543F2C4EFFE9000C94EE /* PBXTargetDependency */,
			);
			name = LyricsUITests;
			productName = LyricsUITests;
			productReference = B212543D2C4EFFE9000C94EE /* LyricsUITests.xctest */;
			productType = "com.apple.product-type.bundle.ui-testing";
		};
/* End PBXNativeTarget section */

/* Begin PBXProject section */
		B212541B2C4EFFE7000C94EE /* Project object */ = {
			isa = PBXProject;
			attributes = {
				BuildIndependentTargetsInParallel = 1;
				LastSwiftUpdateCheck = 1540;
				LastUpgradeCheck = 1540;
				TargetAttributes = {
					B21254222C4EFFE7000C94EE = {
						CreatedOnToolsVersion = 15.4;
					};
					B21254322C4EFFE9000C94EE = {
						CreatedOnToolsVersion = 15.4;
						TestTargetID = B21254222C4EFFE7000C94EE;
					};
					B212543C2C4EFFE9000C94EE = {
						CreatedOnToolsVersion = 15.4;
						TestTargetID = B21254222C4EFFE7000C94EE;
					};
				};
			};
			buildConfigurationList = B212541E2C4EFFE7000C94EE /* Build configuration list for PBXProject "Lyrics" */;
			compatibilityVersion = "Xcode 14.0";
			developmentRegion = en;
			hasScannedForEncodings = 0;
			knownRegions = (
				en,
				Base,
			);
			mainGroup = B212541A2C4EFFE7000C94EE;
			productRefGroup = B21254242C4EFFE7000C94EE /* Products */;
			projectDirPath = "";
			projectRoot = "";
			targets = (
				B21254222C4EFFE7000C94EE /* Lyrics */,
				B21254322C4EFFE9000C94EE /* LyricsTests */,
				B212543C2C4EFFE9000C94EE /* LyricsUITests */,
			);
		};
/* End PBXProject section */

/* Begin PBXResourcesBuildPhase section */
		B21254212C4EFFE7000C94EE /* Resources */ = {
			isa = PBXResourcesBuildPhase;
			buildActionMask = 2147483647;
			files = (
				B212542E2C4EFFE9000C94EE /* Preview Assets.xcassets in Resources */,
				B212542B2C4EFFE9000C94EE /* Assets.xcassets in Resources */,
			);
			runOnlyForDeploymentPostprocessing = 0;
		};
		B21254312C4EFFE9000C94EE /* Resources */ = {
			isa = PBXResourcesBuildPhase;
			buildActionMask = 2147483647;
			files = (
			);
			runOnlyForDeploymentPostprocessing = 0;
		};
		B212543B2C4EFFE9000C94EE /* Resources */ = {
			isa = PBXResourcesBuildPhase;
			buildActionMask = 2147483647;
			files = (
			);
			runOnlyForDeploymentPostprocessing = 0;
		};
/* End PBXResourcesBuildPhase section */

/* Begin PBXSourcesBuildPhase section */
		B212541F2C4EFFE7000C94EE /* Sources */ = {
			isa = PBXSourcesBuildPhase;
			buildActionMask = 2147483647;
			files = (
				B21254292C4EFFE7000C94EE /* ContentView.swift in Sources */,
				B21254272C4EFFE7000C94EE /* LyricsApp.swift in Sources */,
			);
			runOnlyForDeploymentPostprocessing = 0;
		};
		B212542F2C4EFFE9000C94EE /* Sources */ = {
			isa = PBXSourcesBuildPhase;
			buildActionMask = 2147483647;
			files = (
				B21254382C4EFFE9000C94EE /* LyricsTests.swift in Sources */,
			);
			runOnlyForDeploymentPostprocessing = 0;
		};
		B21254392C4EFFE9000C94EE /* Sources */ = {
			isa = PBXSourcesBuildPhase;
			buildActionMask = 2147483647;
			files = (
				B21254442C4EFFE9000C94EE /* LyricsUITestsLaunchTests.swift in Sources */,
				B21254422C4EFFE9000C94EE /* LyricsUITests.swift in Sources */,
			);
			runOnlyForDeploymentPostprocessing = 0;
		};
/* End PBXSourcesBuildPhase section */

/* Begin PBXTargetDependency section */
		B21254352C4EFFE9000C94EE /* PBXTargetDependency */ = {
			isa = PBXTargetDependency;
			target = B21254222C4EFFE7000C94EE /* Lyrics */;
			targetProxy = B21254342C4EFFE9000C94EE /* PBXContainerItemProxy */;
		};
		B212543F2C4EFFE9000C94EE /* PBXTargetDependency */ = {
			isa = PBXTargetDependency;
			target = B21254222C4EFFE7000C94EE /* Lyrics */;
			targetProxy = B212543E2C4EFFE9000C94EE /* PBXContainerItemProxy */;
		};
/* End PBXTargetDependency section */

/* Begin XCBuildConfiguration section */
		B21254452C4EFFE9000C94EE /* Debug */ = {
			isa = XCBuildConfiguration;
			buildSettings = {
				ALWAYS_SEARCH_USER_PATHS = NO;
				ASSETCATALOG_COMPILER_GENERATE_SWIFT_ASSET_SYMBOL_EXTENSIONS = YES;
				CLANG_ANALYZER_NONNULL = YES;
				CLANG_ANALYZER_NUMBER_OBJECT_CONVERSION = YES_AGGRESSIVE;
				CLANG_CXX_LANGUAGE_STANDARD = "gnu++20";
				CLANG_ENABLE_MODULES = YES;
				CLANG_ENABLE_OBJC_ARC = YES;
				CLANG_ENABLE_OBJC_WEAK = YES;
				CLANG_WARN_BLOCK_CAPTURE_AUTORELEASING = YES;
				CLANG_WARN_BOOL_CONVERSION = YES;
				CLANG_WARN_COMMA = YES;
				CLANG_WARN_CONSTANT_CONVERSION = YES;
				CLANG_WARN_DEPRECATED_OBJC_IMPLEMENTATIONS = YES;
				CLANG_WARN_DIRECT_OBJC_ISA_USAGE = YES_ERROR;
				CLANG_WARN_DOCUMENTATION_COMMENTS = YES;
				CLANG_WARN_EMPTY_BODY = YES;
				CLANG_WARN_ENUM_CONVERSION = YES;
				CLANG_WARN_INFINITE_RECURSION = YES;
				CLANG_WARN_INT_CONVERSION = YES;
				CLANG_WARN_NON_LITERAL_NULL_CONVERSION = YES;
				CLANG_WARN_OBJC_IMPLICIT_RETAIN_SELF = YES;
				CLANG_WARN_OBJC_LITERAL_CONVERSION = YES;
				CLANG_WARN_OBJC_ROOT_CLASS = YES_ERROR;
				CLANG_WARN_QUOTED_INCLUDE_IN_FRAMEWORK_HEADER = YES;
				CLANG_WARN_RANGE_LOOP_ANALYSIS = YES;
				CLANG_WARN_STRICT_PROTOTYPES = YES;
				CLANG_WARN_SUSPICIOUS_MOVE = YES;
				CLANG_WARN_UNGUARDED_AVAILABILITY = YES_AGGRESSIVE;
				CLANG_WARN_UNREACHABLE_CODE = YES;
				CLANG_WARN__DUPLICATE_METHOD_MATCH = YES;
				COPY_PHASE_STRIP = NO;
				DEBUG_INFORMATION_FORMAT = dwarf;
				ENABLE_STRICT_OBJC_MSGSEND = YES;
				ENABLE_TESTABILITY = YES;
				ENABLE_USER_SCRIPT_SANDBOXING = YES;
				GCC_C_LANGUAGE_STANDARD = gnu17;
				GCC_DYNAMIC_NO_PIC = NO;
				GCC_NO_COMMON_BLOCKS = YES;
				GCC_OPTIMIZATION_LEVEL = 0;
				GCC_PREPROCESSOR_DEFINITIONS = (
					"DEBUG=1",
					"$(inherited)",
				);
				GCC_WARN_64_TO_32_BIT_CONVERSION = YES;
				GCC_WARN_ABOUT_RETURN_TYPE = YES_ERROR;
				GCC_WARN_UNDECLARED_SELECTOR = YES;
				GCC_WARN_UNINITIALIZED_AUTOS = YES_AGGRESSIVE;
				GCC_WARN_UNUSED_FUNCTION = YES;
				GCC_WARN_UNUSED_VARIABLE = YES;
				IPHONEOS_DEPLOYMENT_TARGET = 17.5;
				LOCALIZATION_PREFERS_STRING_CATALOGS = YES;
				MTL_ENABLE_DEBUG_INFO = INCLUDE_SOURCE;
				MTL_FAST_MATH = YES;
				ONLY_ACTIVE_ARCH = YES;
				SDKROOT = iphoneos;
				SWIFT_ACTIVE_COMPILATION_CONDITIONS = "DEBUG $(inherited)";
				SWIFT_OPTIMIZATION_LEVEL = "-Onone";
			};
			name = Debug;
		};
		B21254462C4EFFE9000C94EE /* Release */ = {
			isa = XCBuildConfiguration;
			buildSettings = {
				ALWAYS_SEARCH_USER_PATHS = NO;
				ASSETCATALOG_COMPILER_GENERATE_SWIFT_ASSET_SYMBOL_EXTENSIONS = YES;
				CLANG_ANALYZER_NONNULL = YES;
				CLANG_ANALYZER_NUMBER_OBJECT_CONVERSION = YES_AGGRESSIVE;
				CLANG_CXX_LANGUAGE_STANDARD = "gnu++20";
				CLANG_ENABLE_MODULES = YES;
				CLANG_ENABLE_OBJC_ARC = YES;
				CLANG_ENABLE_OBJC_WEAK = YES;
				CLANG_WARN_BLOCK_CAPTURE_AUTORELEASING = YES;
				CLANG_WARN_BOOL_CONVERSION = YES;
				CLANG_WARN_COMMA = YES;
				CLANG_WARN_CONSTANT_CONVERSION = YES;
				CLANG_WARN_DEPRECATED_OBJC_IMPLEMENTATIONS = YES;
				CLANG_WARN_DIRECT_OBJC_ISA_USAGE = YES_ERROR;
				CLANG_WARN_DOCUMENTATION_COMMENTS = YES;
				CLANG_WARN_EMPTY_BODY = YES;
				CLANG_WARN_ENUM_CONVERSION = YES;
				CLANG_WARN_INFINITE_RECURSION = YES;
				CLANG_WARN_INT_CONVERSION = YES;
				CLANG_WARN_NON_LITERAL_NULL_CONVERSION = YES;
				CLANG_WARN_OBJC_IMPLICIT_RETAIN_SELF = YES;
				CLANG_WARN_OBJC_LITERAL_CONVERSION = YES;
				CLANG_WARN_OBJC_ROOT_CLASS = YES_ERROR;
				CLANG_WARN_QUOTED_INCLUDE_IN_FRAMEWORK_HEADER = YES;
				CLANG_WARN_RANGE_LOOP_ANALYSIS = YES;
				CLANG_WARN_STRICT_PROTOTYPES = YES;
				CLANG_WARN_SUSPICIOUS_MOVE = YES;
				CLANG_WARN_UNGUARDED_AVAILABILITY = YES_AGGRESSIVE;
				CLANG_WARN_UNREACHABLE_CODE = YES;
				CLANG_WARN__DUPLICATE_METHOD_MATCH = YES;
				COPY_PHASE_STRIP = NO;
				DEBUG_INFORMATION_FORMAT = "dwarf-with-dsym";
				ENABLE_NS_ASSERTIONS = NO;
				ENABLE_STRICT_OBJC_MSGSEND = YES;
				ENABLE_USER_SCRIPT_SANDBOXING = YES;
				GCC_C_LANGUAGE_STANDARD = gnu17;
				GCC_NO_COMMON_BLOCKS = YES;
				GCC_WARN_64_TO_32_BIT_CONVERSION = YES;
				GCC_WARN_ABOUT_RETURN_TYPE = YES_ERROR;
				GCC_WARN_UNDECLARED_SELECTOR = YES;
				GCC_WARN_UNINITIALIZED_AUTOS = YES_AGGRESSIVE;
				GCC_WARN_UNUSED_FUNCTION = YES;
				GCC_WARN_UNUSED_VARIABLE = YES;
				IPHONEOS_DEPLOYMENT_TARGET = 17.5;
				LOCALIZATION_PREFERS_STRING_CATALOGS = YES;
				MTL_ENABLE_DEBUG_INFO = NO;
				MTL_FAST_MATH = YES;
				SDKROOT = iphoneos;
				SWIFT_COMPILATION_MODE = wholemodule;
				VALIDATE_PRODUCT = YES;
			};
			name = Release;
		};
		B21254482C4EFFE9000C94EE /* Debug */ = {
			isa = XCBuildConfiguration;
			buildSettings = {
				ASSETCATALOG_COMPILER_APPICON_NAME = AppIcon;
				ASSETCATALOG_COMPILER_GLOBAL_ACCENT_COLOR_NAME = AccentColor;
				CODE_SIGN_STYLE = Automatic;
				CURRENT_PROJECT_VERSION = 1;
				DEVELOPMENT_ASSET_PATHS = "\"Lyrics/Preview Content\"";
				ENABLE_PREVIEWS = YES;
				GENERATE_INFOPLIST_FILE = YES;
				INFOPLIST_KEY_NSAppleMusicUsageDescription = "This app needs access to your music library to display the currently playing song.";
				INFOPLIST_KEY_UIApplicationSceneManifest_Generation = YES;
				INFOPLIST_KEY_UIApplicationSupportsIndirectInputEvents = YES;
				INFOPLIST_KEY_UILaunchScreen_Generation = YES;
				INFOPLIST_KEY_UISupportedInterfaceOrientations_iPad = "UIInterfaceOrientationPortrait UIInterfaceOrientationPortraitUpsideDown UIInterfaceOrientationLandscapeLeft UIInterfaceOrientationLandscapeRight";
				INFOPLIST_KEY_UISupportedInterfaceOrientations_iPhone = "UIInterfaceOrientationPortrait UIInterfaceOrientationLandscapeLeft UIInterfaceOrientationLandscapeRight";
				LD_RUNPATH_SEARCH_PATHS = (
					"$(inherited)",
					"@executable_path/Frameworks",
				);
				MARKETING_VERSION = 1.0;
				PRODUCT_BUNDLE_IDENTIFIER = sh.Lyrics;
				PRODUCT_NAME = "$(TARGET_NAME)";
				SWIFT_EMIT_LOC_STRINGS = YES;
				SWIFT_VERSION = 5.0;
				TARGETED_DEVICE_FAMILY = "1,2";
			};
			name = Debug;
		};
		B21254492C4EFFE9000C94EE /* Release */ = {
			isa = XCBuildConfiguration;
			buildSettings = {
				ASSETCATALOG_COMPILER_APPICON_NAME = AppIcon;
				ASSETCATALOG_COMPILER_GLOBAL_ACCENT_COLOR_NAME = AccentColor;
				CODE_SIGN_STYLE = Automatic;
				CURRENT_PROJECT_VERSION = 1;
				DEVELOPMENT_ASSET_PATHS = "\"Lyrics/Preview Content\"";
				ENABLE_PREVIEWS = YES;
				GENERATE_INFOPLIST_FILE = YES;
				INFOPLIST_KEY_NSAppleMusicUsageDescription = "This app needs access to your music library to display the currently playing song.";
				INFOPLIST_KEY_UIApplicationSceneManifest_Generation = YES;
				INFOPLIST_KEY_UIApplicationSupportsIndirectInputEvents = YES;
				INFOPLIST_KEY_UILaunchScreen_Generation = YES;
				INFOPLIST_KEY_UISupportedInterfaceOrientations_iPad = "UIInterfaceOrientationPortrait UIInterfaceOrientationPortraitUpsideDown UIInterfaceOrientationLandscapeLeft UIInterfaceOrientationLandscapeRight";
				INFOPLIST_KEY_UISupportedInterfaceOrientations_iPhone = "UIInterfaceOrientationPortrait UIInterfaceOrientationLandscapeLeft UIInterfaceOrientationLandscapeRight";
				LD_RUNPATH_SEARCH_PATHS = (
					"$(inherited)",
					"@executable_path/Frameworks",
				);
				MARKETING_VERSION = 1.0;
				PRODUCT_BUNDLE_IDENTIFIER = sh.Lyrics;
				PRODUCT_NAME = "$(TARGET_NAME)";
				SWIFT_EMIT_LOC_STRINGS = YES;
				SWIFT_VERSION = 5.0;
				TARGETED_DEVICE_FAMILY = "1,2";
			};
			name = Release;
		};
		B212544B2C4EFFE9000C94EE /* Debug */ = {
			isa = XCBuildConfiguration;
			buildSettings = {
				ALWAYS_EMBED_SWIFT_STANDARD_LIBRARIES = YES;
				BUNDLE_LOADER = "$(TEST_HOST)";
				CODE_SIGN_STYLE = Automatic;
				CURRENT_PROJECT_VERSION = 1;
				GENERATE_INFOPLIST_FILE = YES;
				IPHONEOS_DEPLOYMENT_TARGET = 17.5;
				MARKETING_VERSION = 1.0;
				PRODUCT_BUNDLE_IDENTIFIER = sh.LyricsTests;
				PRODUCT_NAME = "$(TARGET_NAME)";
				SWIFT_EMIT_LOC_STRINGS = NO;
				SWIFT_VERSION = 5.0;
				TARGETED_DEVICE_FAMILY = "1,2";
				TEST_HOST = "$(BUILT_PRODUCTS_DIR)/Lyrics.app/$(BUNDLE_EXECUTABLE_FOLDER_PATH)/Lyrics";
			};
			name = Debug;
		};
		B212544C2C4EFFE9000C94EE /* Release */ = {
			isa = XCBuildConfiguration;
			buildSettings = {
				ALWAYS_EMBED_SWIFT_STANDARD_LIBRARIES = YES;
				BUNDLE_LOADER = "$(TEST_HOST)";
				CODE_SIGN_STYLE = Automatic;
				CURRENT_PROJECT_VERSION = 1;
				GENERATE_INFOPLIST_FILE = YES;
				IPHONEOS_DEPLOYMENT_TARGET = 17.5;
				MARKETING_VERSION = 1.0;
				PRODUCT_BUNDLE_IDENTIFIER = sh.LyricsTests;
				PRODUCT_NAME = "$(TARGET_NAME)";
				SWIFT_EMIT_LOC_STRINGS = NO;
				SWIFT_VERSION = 5.0;
				TARGETED_DEVICE_FAMILY = "1,2";
				TEST_HOST = "$(BUILT_PRODUCTS_DIR)/Lyrics.app/$(BUNDLE_EXECUTABLE_FOLDER_PATH)/Lyrics";
			};
			name = Release;
		};
		B212544E2C4EFFE9000C94EE /* Debug */ = {
			isa = XCBuildConfiguration;
			buildSettings = {
				ALWAYS_EMBED_SWIFT_STANDARD_LIBRARIES = YES;
				CODE_SIGN_STYLE = Automatic;
				CURRENT_PROJECT_VERSION = 1;
				GENERATE_INFOPLIST_FILE = YES;
				MARKETING_VERSION = 1.0;
				PRODUCT_BUNDLE_IDENTIFIER = sh.LyricsUITests;
				PRODUCT_NAME = "$(TARGET_NAME)";
				SWIFT_EMIT_LOC_STRINGS = NO;
				SWIFT_VERSION = 5.0;
				TARGETED_DEVICE_FAMILY = "1,2";
				TEST_TARGET_NAME = Lyrics;
			};
			name = Debug;
		};
		B212544F2C4EFFE9000C94EE /* Release */ = {
			isa = XCBuildConfiguration;
			buildSettings = {
				ALWAYS_EMBED_SWIFT_STANDARD_LIBRARIES = YES;
				CODE_SIGN_STYLE = Automatic;
				CURRENT_PROJECT_VERSION = 1;
				GENERATE_INFOPLIST_FILE = YES;
				MARKETING_VERSION = 1.0;
				PRODUCT_BUNDLE_IDENTIFIER = sh.LyricsUITests;
				PRODUCT_NAME = "$(TARGET_NAME)";
				SWIFT_EMIT_LOC_STRINGS = NO;
				SWIFT_VERSION = 5.0;
				TARGETED_DEVICE_FAMILY = "1,2";
				TEST_TARGET_NAME = Lyrics;
			};
			name = Release;
		};
/* End XCBuildConfiguration section */

/* Begin XCConfigurationList section */
		B212541E2C4EFFE7000C94EE /* Build configuration list for PBXProject "Lyrics" */ = {
			isa = XCConfigurationList;
			buildConfigurations = (
				B21254452C4EFFE9000C94EE /* Debug */,
				B21254462C4EFFE9000C94EE /* Release */,
			);
			defaultConfigurationIsVisible = 0;
			defaultConfigurationName = Release;
		};
		B21254472C4EFFE9000C94EE /* Build configuration list for PBXNativeTarget "Lyrics" */ = {
			isa = XCConfigurationList;
			buildConfigurations = (
				B21254482C4EFFE9000C94EE /* Debug */,
				B21254492C4EFFE9000C94EE /* Release */,
			);
			defaultConfigurationIsVisible = 0;
			defaultConfigurationName = Release;
		};
		B212544A2C4EFFE9000C94EE /* Build configuration list for PBXNativeTarget "LyricsTests" */ = {
			isa = XCConfigurationList;
			buildConfigurations = (
				B212544B2C4EFFE9000C94EE /* Debug */,
				B212544C2C4EFFE9000C94EE /* Release */,
			);
			defaultConfigurationIsVisible = 0;
			defaultConfigurationName = Release;
		};
		B212544D2C4EFFE9000C94EE /* Build configuration list for PBXNativeTarget "LyricsUITests" */ = {
			isa = XCConfigurationList;
			buildConfigurations = (
				B212544E2C4EFFE9000C94EE /* Debug */,
				B212544F2C4EFFE9000C94EE /* Release */,
			);
			defaultConfigurationIsVisible = 0;
			defaultConfigurationName = Release;
		};
/* End XCConfigurationList section */
	};
	rootObject = B212541B2C4EFFE7000C94EE /* Project object */;
}
